{
  "object": {
    "pins": [
      {
        "package": "CommandLineKit",
        "repositoryURL": "https://github.com/pvieito/CommandLineKit.git",
        "state": {
          "branch": "master",
          "revision": "5ac5756f066b0a2baa8240c533c07d124b2e7e89",
          "version": null
        }
      },
      {
        "package": "LoggerKit",
        "repositoryURL": "https://github.com/pvieito/LoggerKit.git",
        "state": {
          "branch": "master",
          "revision": "04b90d53e38f3f637ab54c980dd148569ffe723f",
          "version": null
        }
      },
      {
        "package": "PythonTool",
        "repositoryURL": "https://github.com/pvieito/PythonKit.git",
        "state": {
          "branch": "master",
          "revision": "0b2ffa2db8d249112cc833a6e13faac004ce5835",
          "version": null
        }
      }
    ]
  },
  "version": 1
}
